
Microsoft Visual Studio Solution File, Format Version 12.00
# Visual Studio 15
VisualStudioVersion = 15.0.28010.2041
MinimumVisualStudioVersion = 10.0.40219.1
Project("{FAE04EC0-301F-11D3-BF4B-00C04F79EFBC}") = "CardMaintenance", "CardMaintenance\CardMaintenance.csproj", "{15B34D59-F0F4-46B1-A078-CC944929B61E}"
EndProject
Project("{FAE04EC0-301F-11D3-BF4B-00C04F79EFBC}") = "CardTests", "CardTests\CardTests.csproj", "{9692F61C-8C43-4F8D-8CA3-08B588AD1D08}"
EndProject
Project("{9A19103F-16F7-4668-BE54-9A1E7A4F7556}") = "CardClassLibrary", "CardClassLibrary\CardClassLibrary.csproj", "{FAFBCAA4-35F3-4F61-9222-C7332B7D8315}"
EndProject
Project("{FAE04EC0-301F-11D3-BF4B-00C04F79EFBC}") = "CardDeckTests", "CardDeckTests\CardDeckTests.csproj", "{3EB78E49-A023-4D06-BD27-0BA02442B9FB}"
EndProject
Global
	GlobalSection(SolutionConfigurationPlatforms) = preSolution
		Debug|Any CPU = Debug|Any CPU
		Release|Any CPU = Release|Any CPU
	EndGlobalSection
	GlobalSection(ProjectConfigurationPlatforms) = postSolution
		{15B34D59-F0F4-46B1-A078-CC944929B61E}.Debug|Any CPU.ActiveCfg = Debug|Any CPU
		{15B34D59-F0F4-46B1-A078-CC944929B61E}.Debug|Any CPU.Build.0 = Debug|Any CPU
		{15B34D59-F0F4-46B1-A078-CC944929B61E}.Release|Any CPU.ActiveCfg = Release|Any CPU
		{15B34D59-F0F4-46B1-A078-CC944929B61E}.Release|Any CPU.Build.0 = Release|Any CPU
		{9692F61C-8C43-4F8D-8CA3-08B588AD1D08}.Debug|Any CPU.ActiveCfg = Debug|Any CPU
		{9692F61C-8C43-4F8D-8CA3-08B588AD1D08}.Debug|Any CPU.Build.0 = Debug|Any CPU
		{9692F61C-8C43-4F8D-8CA3-08B588AD1D08}.Release|Any CPU.ActiveCfg = Release|Any CPU
		{9692F61C-8C43-4F8D-8CA3-08B588AD1D08}.Release|Any CPU.Build.0 = Release|Any CPU
		{FAFBCAA4-35F3-4F61-9222-C7332B7D8315}.Debug|Any CPU.ActiveCfg = Debug|Any CPU
		{FAFBCAA4-35F3-4F61-9222-C7332B7D8315}.Debug|Any CPU.Build.0 = Debug|Any CPU
		{FAFBCAA4-35F3-4F61-9222-C7332B7D8315}.Release|Any CPU.ActiveCfg = Release|Any CPU
		{FAFBCAA4-35F3-4F61-9222-C7332B7D8315}.Release|Any CPU.Build.0 = Release|Any CPU
		{3EB78E49-A023-4D06-BD27-0BA02442B9FB}.Debug|Any CPU.ActiveCfg = Debug|Any CPU
		{3EB78E49-A023-4D06-BD27-0BA02442B9FB}.Debug|Any CPU.Build.0 = Debug|Any CPU
		{3EB78E49-A023-4D06-BD27-0BA02442B9FB}.Release|Any CPU.ActiveCfg = Release|Any CPU
		{3EB78E49-A023-4D06-BD27-0BA02442B9FB}.Release|Any CPU.Build.0 = Release|Any CPU
	EndGlobalSection
	GlobalSection(SolutionProperties) = preSolution
		HideSolutionNode = FALSE
	EndGlobalSection
	GlobalSection(ExtensibilityGlobals) = postSolution
		SolutionGuid = {EABCFB21-9802-46BB-A751-6BF6FAB75B75}
	EndGlobalSection
EndGlobal
